
Microsoft Visual Studio Solution File, Format Version 12.00
# Visual Studio Version 17
VisualStudioVersion = 17.4.33403.182
MinimumVisualStudioVersion = 10.0.40219.1
Project("{FAE04EC0-301F-11D3-BF4B-00C04F79EFBC}") = "lab2", "lab2.csproj", "{B470E4F3-0978-4934-B454-BA5CED8D08D9}"
EndProject
Project("{FAE04EC0-301F-11D3-BF4B-00C04F79EFBC}") = "ParseLib", "..\ParseLib\ParseLib.csproj", "{E84E2E95-124F-4BD2-9E17-AC1C7F0825B9}"
EndProject
Global
	GlobalSection(SolutionConfigurationPlatforms) = preSolution
		Debug|Any CPU = Debug|Any CPU
		Release|Any CPU = Release|Any CPU
	EndGlobalSection
	GlobalSection(ProjectConfigurationPlatforms) = postSolution
		{B470E4F3-0978-4934-B454-BA5CED8D08D9}.Debug|Any CPU.ActiveCfg = Debug|Any CPU
		{B470E4F3-0978-4934-B454-BA5CED8D08D9}.Debug|Any CPU.Build.0 = Debug|Any CPU
		{B470E4F3-0978-4934-B454-BA5CED8D08D9}.Release|Any CPU.ActiveCfg = Release|Any CPU
		{B470E4F3-0978-4934-B454-BA5CED8D08D9}.Release|Any CPU.Build.0 = Release|Any CPU
		{E84E2E95-124F-4BD2-9E17-AC1C7F0825B9}.Debug|Any CPU.ActiveCfg = Debug|Any CPU
		{E84E2E95-124F-4BD2-9E17-AC1C7F0825B9}.Debug|Any CPU.Build.0 = Debug|Any CPU
		{E84E2E95-124F-4BD2-9E17-AC1C7F0825B9}.Release|Any CPU.ActiveCfg = Release|Any CPU
		{E84E2E95-124F-4BD2-9E17-AC1C7F0825B9}.Release|Any CPU.Build.0 = Release|Any CPU
	EndGlobalSection
	GlobalSection(SolutionProperties) = preSolution
		HideSolutionNode = FALSE
	EndGlobalSection
	GlobalSection(ExtensibilityGlobals) = postSolution
		SolutionGuid = {5F9F8050-6485-4F38-BAFA-7F245C4F4E48}
	EndGlobalSection
EndGlobal
